
Microsoft Visual Studio Solution File, Format Version 12.00
# Visual Studio Version 17
VisualStudioVersion = 17.3.32825.248
MinimumVisualStudioVersion = 10.0.40219.1
Project("{FAE04EC0-301F-11D3-BF4B-00C04F79EFBC}") = "WindowsFormsApp1", "WindowsFormsApp1.csproj", "{9745210B-1CF3-4D78-BFFD-4258D10456C2}"
EndProject
Global
	GlobalSection(SolutionConfigurationPlatforms) = preSolution
		Debug|Any CPU = Debug|Any CPU
		Release|Any CPU = Release|Any CPU
	EndGlobalSection
	GlobalSection(ProjectConfigurationPlatforms) = postSolution
		{9745210B-1CF3-4D78-BFFD-4258D10456C2}.Debug|Any CPU.ActiveCfg = Debug|Any CPU
		{9745210B-1CF3-4D78-BFFD-4258D10456C2}.Debug|Any CPU.Build.0 = Debug|Any CPU
		{9745210B-1CF3-4D78-BFFD-4258D10456C2}.Release|Any CPU.ActiveCfg = Release|Any CPU
		{9745210B-1CF3-4D78-BFFD-4258D10456C2}.Release|Any CPU.Build.0 = Release|Any CPU
	EndGlobalSection
	GlobalSection(SolutionProperties) = preSolution
		HideSolutionNode = FALSE
	EndGlobalSection
	GlobalSection(ExtensibilityGlobals) = postSolution
		SolutionGuid = {489A5938-C9D1-486E-A5E3-E96C61EBD741}
	EndGlobalSection
EndGlobal
